
Microsoft Visual Studio Solution File, Format Version 12.00
# Visual Studio Version 17
VisualStudioVersion = 17.3.32819.101
MinimumVisualStudioVersion = 10.0.40219.1
Project("{FAE04EC0-301F-11D3-BF4B-00C04F79EFBC}") = "InventoryManagementSystem", "InventoryManagementSystem\InventoryManagementSystem.csproj", "{47F46AA7-0AE1-4EC5-9534-7E60CD773517}"
EndProject
Global
	GlobalSection(SolutionConfigurationPlatforms) = preSolution
		Debug|Any CPU = Debug|Any CPU
		Release|Any CPU = Release|Any CPU
	EndGlobalSection
	GlobalSection(ProjectConfigurationPlatforms) = postSolution
		{47F46AA7-0AE1-4EC5-9534-7E60CD773517}.Debug|Any CPU.ActiveCfg = Debug|Any CPU
		{47F46AA7-0AE1-4EC5-9534-7E60CD773517}.Debug|Any CPU.Build.0 = Debug|Any CPU
		{47F46AA7-0AE1-4EC5-9534-7E60CD773517}.Release|Any CPU.ActiveCfg = Release|Any CPU
		{47F46AA7-0AE1-4EC5-9534-7E60CD773517}.Release|Any CPU.Build.0 = Release|Any CPU
	EndGlobalSection
	GlobalSection(SolutionProperties) = preSolution
		HideSolutionNode = FALSE
	EndGlobalSection
	GlobalSection(ExtensibilityGlobals) = postSolution
		SolutionGuid = {48E208B1-7625-43E1-A787-02591BA08424}
	EndGlobalSection
EndGlobal
